# THIS IS AN AUTOGENERATED FILE. DO NOT EDIT THIS FILE DIRECTLY.
# yarn lockfile v1


"bufferjs@>= 2.0.0":
  version "3.0.1"
  resolved "https://registry.yarnpkg.com/bufferjs/-/bufferjs-3.0.1.tgz#0692e829cb10a10550e647390b035eb06c38e8ef"

"bufferstream@>= 0.6.2":
  version "0.6.2"
  resolved "https://registry.yarnpkg.com/bufferstream/-/bufferstream-0.6.2.tgz#a5f27e10d3c760084d14b35126615007319e3731"
  dependencies:
    bufferjs ">= 2.0.0"
  optionalDependencies:
    buffertools ">= 1.0.3"

"buffertools@>= 1.0.3":
  version "2.1.4"
  resolved "https://registry.yarnpkg.com/buffertools/-/buffertools-2.1.4.tgz#62d4e1584c0090a0c7d3587f25934a84b8b38de4"
